// !$*UTF8*$!
{
	archiveVersion = 1;
	classes = {
	};
	objectVersion = 46;
	objects = {

/* Begin PBXBuildFile section */
		B658DC391B3412910017994E /* main.m in Sources */ = {isa = PBXBuildFile; fileRef = B658DC381B3412910017994E /* main.m */; };
		B658DC3C1B3412910017994E /* AppDelegate.m in Sources */ = {isa = PBXBuildFile; fileRef = B658DC3B1B3412910017994E /* AppDelegate.m */; };
		B658DC3F1B3412910017994E /* ViewController.m in Sources */ = {isa = PBXBuildFile; fileRef = B658DC3E1B3412910017994E /* ViewController.m */; };
		B658DC421B3412910017994E /* Main.storyboard in Resources */ = {isa = PBXBuildFile; fileRef = B658DC401B3412910017994E /* Main.storyboard */; };
		B658DC441B3412910017994E /* Images.xcassets in Resources */ = {isa = PBXBuildFile; fileRef = B658DC431B3412910017994E /* Images.xcassets */; };
		B658DC471B3412910017994E /* LaunchScreen.xib in Resources */ = {isa = PBXBuildFile; fileRef = B658DC451B3412910017994E /* LaunchScreen.xib */; };
		B658DC531B3412920017994E /* _Tests.m in Sources */ = {isa = PBXBuildFile; fileRef = B658DC521B3412920017994E /* _Tests.m */; };
/* End PBXBuildFile section */

/* Begin PBXContainerItemProxy section */
		B658DC4D1B3412920017994E /* PBXContainerItemProxy */ = {
			isa = PBXContainerItemProxy;
			containerPortal = B658DC2B1B3412910017994E /* Project object */;
			proxyType = 1;
			remoteGlobalIDString = B658DC321B3412910017994E;
			remoteInfo = 1;
		};
/* End PBXContainerItemProxy section */

/* Begin PBXFileReference section */
		B658DC331B3412910017994E /* 1.app */ = {isa = PBXFileReference; explicitFileType = wrapper.application; includeInIndex = 0; path = 1.app; sourceTree = BUILT_PRODUCTS_DIR; };
		B658DC371B3412910017994E /* Info.plist */ = {isa = PBXFileReference; lastKnownFileType = text.plist.xml; path = Info.plist; sourceTree = "<group>"; };
		B658DC381B3412910017994E /* main.m */ = {isa = PBXFileReference; lastKnownFileType = sourcecode.c.objc; path = main.m; sourceTree = "<group>"; };
		B658DC3A1B3412910017994E /* AppDelegate.h */ = {isa = PBXFileReference; lastKnownFileType = sourcecode.c.h; path = AppDelegate.h; sourceTree = "<group>"; };
		B658DC3B1B3412910017994E /* AppDelegate.m */ = {isa = PBXFileReference; lastKnownFileType = sourcecode.c.objc; path = AppDelegate.m; sourceTree = "<group>"; };
		B658DC3D1B3412910017994E /* ViewController.h */ = {isa = PBXFileReference; lastKnownFileType = sourcecode.c.h; path = ViewController.h; sourceTree = "<group>"; };
		B658DC3E1B3412910017994E /* ViewController.m */ = {isa = PBXFileReference; lastKnownFileType = sourcecode.c.objc; path = ViewController.m; sourceTree = "<group>"; };
		B658DC411B3412910017994E /* Base */ = {isa = PBXFileReference; lastKnownFileType = file.storyboard; name = Base; path = Base.lproj/Main.storyboard; sourceTree = "<group>"; };
		B658DC431B3412910017994E /* Images.xcassets */ = {isa = PBXFileReference; lastKnownFileType = folder.assetcatalog; path = Images.xcassets; sourceTree = "<group>"; };
		B658DC461B3412910017994E /* Base */ = {isa = PBXFileReference; lastKnownFileType = file.xib; name = Base; path = Base.lproj/LaunchScreen.xib; sourceTree = "<group>"; };
		B658DC4C1B3412920017994E /* 1Tests.xctest */ = {isa = PBXFileReference; explicitFileType = wrapper.cfbundle; includeInIndex = 0; path = 1Tests.xctest; sourceTree = BUILT_PRODUCTS_DIR; };
		B658DC511B3412920017994E /* Info.plist */ = {isa = PBXFileReference; lastKnownFileType = text.plist.xml; path = Info.plist; sourceTree = "<group>"; };
		B658DC521B3412920017994E /* _Tests.m */ = {isa = PBXFileReference; lastKnownFileType = sourcecode.c.objc; path = _Tests.m; sourceTree = "<group>"; };
/* End PBXFileReference section */

/* Begin PBXFrameworksBuildPhase section */
		B658DC301B3412910017994E /* Frameworks */ = {
			isa = PBXFrameworksBuildPhase;
			buildActionMask = 2147483647;
			files = (
			);
			runOnlyForDeploymentPostprocessing = 0;
		};
		B658DC491B3412920017994E /* Frameworks */ = {
			isa = PBXFrameworksBuildPhase;
			buildActionMask = 2147483647;
			files = (
			);
			runOnlyForDeploymentPostprocessing = 0;
		};
/* End PBXFrameworksBuildPhase section */

/* Begin PBXGroup section */
		B658DC2A1B3412910017994E = {
			isa = PBXGroup;
			children = (
				B658DC351B3412910017994E /* 1 */,
				B658DC4F1B3412920017994E /* 1Tests */,
				B658DC341B3412910017994E /* Products */,
			);
			sourceTree = "<group>";
		};
		B658DC341B3412910017994E /* Products */ = {
			isa = PBXGroup;
			children = (
				B658DC331B3412910017994E /* 1.app */,
				B658DC4C1B3412920017994E /* 1Tests.xctest */,
			);
			name = Products;
			sourceTree = "<group>";
		};
		B658DC351B3412910017994E /* 1 */ = {
			isa = PBXGroup;
			children = (
				B658DC3A1B3412910017994E /* AppDelegate.h */,
				B658DC3B1B3412910017994E /* AppDelegate.m */,
				B658DC3D1B3412910017994E /* ViewController.h */,
				B658DC3E1B3412910017994E /* ViewController.m */,
				B658DC401B3412910017994E /* Main.storyboard */,
				B658DC431B3412910017994E /* Images.xcassets */,
				B658DC451B3412910017994E /* LaunchScreen.xib */,
				B658DC361B3412910017994E /* Supporting Files */,
			);
			path = 1;
			sourceTree = "<group>";
		};
		B658DC361B3412910017994E /* Supporting Files */ = {
			isa = PBXGroup;
			children = (
				B658DC371B3412910017994E /* Info.plist */,
				B658DC381B3412910017994E /* main.m */,
			);
			name = "Supporting Files";
			sourceTree = "<group>";
		};
		B658DC4F1B3412920017994E /* 1Tests */ = {
			isa = PBXGroup;
			children = (
				B658DC521B3412920017994E /* _Tests.m */,
				B658DC501B3412920017994E /* Supporting Files */,
			);
			path = 1Tests;
			sourceTree = "<group>";
		};
		B658DC501B3412920017994E /* Supporting Files */ = {
			isa = PBXGroup;
			children = (
				B658DC511B3412920017994E /* Info.plist */,
			);
			name = "Supporting Files";
			sourceTree = "<group>";
		};
/* End PBXGroup section */

/* Begin PBXNativeTarget section */
		B658DC321B3412910017994E /* 1 */ = {
			isa = PBXNativeTarget;
			buildConfigurationList = B658DC561B3412920017994E /* Build configuration list for PBXNativeTarget "1" */;
			buildPhases = (
				B658DC2F1B3412910017994E /* Sources */,
				B658DC301B3412910017994E /* Frameworks */,
				B658DC311B3412910017994E /* Resources */,
			);
			buildRules = (
			);
			dependencies = (
			);
			name = 1;
			productName = 1;
			productReference = B658DC331B3412910017994E /* 1.app */;
			productType = "com.apple.product-type.application";
		};
		B658DC4B1B3412920017994E /* 1Tests */ = {
			isa = PBXNativeTarget;
			buildConfigurationList = B658DC591B3412920017994E /* Build configuration list for PBXNativeTarget "1Tests" */;
			buildPhases = (
				B658DC481B3412920017994E /* Sources */,
				B658DC491B3412920017994E /* Frameworks */,
				B658DC4A1B3412920017994E /* Resources */,
			);
			buildRules = (
			);
			dependencies = (
				B658DC4E1B3412920017994E /* PBXTargetDependency */,
			);
			name = 1Tests;
			productName = 1Tests;
			productReference = B658DC4C1B3412920017994E /* 1Tests.xctest */;
			productType = "com.apple.product-type.bundle.unit-test";
		};
/* End PBXNativeTarget section */

/* Begin PBXProject section */
		B658DC2B1B3412910017994E /* Project object */ = {
			isa = PBXProject;
			attributes = {
				LastUpgradeCheck = 0630;
				ORGANIZATIONNAME = "田鑫";
				TargetAttributes = {
					B658DC321B3412910017994E = {
						CreatedOnToolsVersion = 6.3.1;
					};
					B658DC4B1B3412920017994E = {
						CreatedOnToolsVersion = 6.3.1;
						TestTargetID = B658DC321B3412910017994E;
					};
				};
			};
			buildConfigurationList = B658DC2E1B3412910017994E /* Build configuration list for PBXProject "1" */;
			compatibilityVersion = "Xcode 3.2";
			developmentRegion = English;
			hasScannedForEncodings = 0;
			knownRegions = (
				en,
				Base,
			);
			mainGroup = B658DC2A1B3412910017994E;
			productRefGroup = B658DC341B3412910017994E /* Products */;
			projectDirPath = "";
			projectRoot = "";
			targets = (
				B658DC321B3412910017994E /* 1 */,
				B658DC4B1B3412920017994E /* 1Tests */,
			);
		};
/* End PBXProject section */

/* Begin PBXResourcesBuildPhase section */
		B658DC311B3412910017994E /* Resources */ = {
			isa = PBXResourcesBuildPhase;
			buildActionMask = 2147483647;
			files = (
				B658DC421B3412910017994E /* Main.storyboard in Resources */,
				B658DC471B3412910017994E /* LaunchScreen.xib in Resources */,
				B658DC441B3412910017994E /* Images.xcassets in Resources */,
			);
			runOnlyForDeploymentPostprocessing = 0;
		};
		B658DC4A1B3412920017994E /* Resources */ = {
			isa = PBXResourcesBuildPhase;
			buildActionMask = 2147483647;
			files = (
			);
			runOnlyForDeploymentPostprocessing = 0;
		};
/* End PBXResourcesBuildPhase section */

/* Begin PBXSourcesBuildPhase section */
		B658DC2F1B3412910017994E /* Sources */ = {
			isa = PBXSourcesBuildPhase;
			buildActionMask = 2147483647;
			files = (
				B658DC3F1B3412910017994E /* ViewController.m in Sources */,
				B658DC3C1B3412910017994E /* AppDelegate.m in Sources */,
				B658DC391B3412910017994E /* main.m in Sources */,
			);
			runOnlyForDeploymentPostprocessing = 0;
		};
		B658DC481B3412920017994E /* Sources */ = {
			isa = PBXSourcesBuildPhase;
			buildActionMask = 2147483647;
			files = (
				B658DC531B3412920017994E /* _Tests.m in Sources */,
			);
			runOnlyForDeploymentPostprocessing = 0;
		};
/* End PBXSourcesBuildPhase section */

/* Begin PBXTargetDependency section */
		B658DC4E1B3412920017994E /* PBXTargetDependency */ = {
			isa = PBXTargetDependency;
			target = B658DC321B3412910017994E /* 1 */;
			targetProxy = B658DC4D1B3412920017994E /* PBXContainerItemProxy */;
		};
/* End PBXTargetDependency section */

/* Begin PBXVariantGroup section */
		B658DC401B3412910017994E /* Main.storyboard */ = {
			isa = PBXVariantGroup;
			children = (
				B658DC411B3412910017994E /* Base */,
			);
			name = Main.storyboard;
			sourceTree = "<group>";
		};
		B658DC451B3412910017994E /* LaunchScreen.xib */ = {
			isa = PBXVariantGroup;
			children = (
				B658DC461B3412910017994E /* Base */,
			);
			name = LaunchScreen.xib;
			sourceTree = "<group>";
		};
/* End PBXVariantGroup section */

/* Begin XCBuildConfiguration section */
		B658DC541B3412920017994E /* Debug */ = {
			isa = XCBuildConfiguration;
			buildSettings = {
				ALWAYS_SEARCH_USER_PATHS = NO;
				CLANG_CXX_LANGUAGE_STANDARD = "gnu++0x";
				CLANG_CXX_LIBRARY = "libc++";
				CLANG_ENABLE_MODULES = YES;
				CLANG_ENABLE_OBJC_ARC = YES;
				CLANG_WARN_BOOL_CONVERSION = YES;
				CLANG_WARN_CONSTANT_CONVERSION = YES;
				CLANG_WARN_DIRECT_OBJC_ISA_USAGE = YES_ERROR;
				CLANG_WARN_EMPTY_BODY = YES;
				CLANG_WARN_ENUM_CONVERSION = YES;
				CLANG_WARN_INT_CONVERSION = YES;
				CLANG_WARN_OBJC_ROOT_CLASS = YES_ERROR;
				CLANG_WARN_UNREACHABLE_CODE = YES;
				CLANG_WARN__DUPLICATE_METHOD_MATCH = YES;
				"CODE_SIGN_IDENTITY[sdk=iphoneos*]" = "iPhone Developer";
				COPY_PHASE_STRIP = NO;
				DEBUG_INFORMATION_FORMAT = "dwarf-with-dsym";
				ENABLE_STRICT_OBJC_MSGSEND = YES;
				GCC_C_LANGUAGE_STANDARD = gnu99;
				GCC_DYNAMIC_NO_PIC = NO;
				GCC_NO_COMMON_BLOCKS = YES;
				GCC_OPTIMIZATION_LEVEL = 0;
				GCC_PREPROCESSOR_DEFINITIONS = (
					"DEBUG=1",
					"$(inherited)",
				);
				GCC_SYMBOLS_PRIVATE_EXTERN = NO;
				GCC_WARN_64_TO_32_BIT_CONVERSION = YES;
				GCC_WARN_ABOUT_RETURN_TYPE = YES_ERROR;
				GCC_WARN_UNDECLARED_SELECTOR = YES;
				GCC_WARN_UNINITIALIZED_AUTOS = YES_AGGRESSIVE;
				GCC_WARN_UNUSED_FUNCTION = YES;
				GCC_WARN_UNUSED_VARIABLE = YES;
				IPHONEOS_DEPLOYMENT_TARGET = 8.3;
				MTL_ENABLE_DEBUG_INFO = YES;
				ONLY_ACTIVE_ARCH = YES;
				SDKROOT = iphoneos;
			};
			name = Debug;
		};
		B658DC551B3412920017994E /* Release */ = {
			isa = XCBuildConfiguration;
			buildSettings = {
				ALWAYS_SEARCH_USER_PATHS = NO;
				CLANG_CXX_LANGUAGE_STANDARD = "gnu++0x";
				CLANG_CXX_LIBRARY = "libc++";
				CLANG_ENABLE_MODULES = YES;
				CLANG_ENABLE_OBJC_ARC = YES;
				CLANG_WARN_BOOL_CONVERSION = YES;
				CLANG_WARN_CONSTANT_CONVERSION = YES;
				CLANG_WARN_DIRECT_OBJC_ISA_USAGE = YES_ERROR;
				CLANG_WARN_EMPTY_BODY = YES;
				CLANG_WARN_ENUM_CONVERSION = YES;
				CLANG_WARN_INT_CONVERSION = YES;
				CLANG_WARN_OBJC_ROOT_CLASS = YES_ERROR;
				CLANG_WARN_UNREACHABLE_CODE = YES;
				CLANG_WARN__DUPLICATE_METHOD_MATCH = YES;
				"CODE_SIGN_IDENTITY[sdk=iphoneos*]" = "iPhone Developer";
				COPY_PHASE_STRIP = NO;
				DEBUG_INFORMATION_FORMAT = "dwarf-with-dsym";
				ENABLE_NS_ASSERTIONS = NO;
				ENABLE_STRICT_OBJC_MSGSEND = YES;
				GCC_C_LANGUAGE_STANDARD = gnu99;
				GCC_NO_COMMON_BLOCKS = YES;
				GCC_WARN_64_TO_32_BIT_CONVERSION = YES;
				GCC_WARN_ABOUT_RETURN_TYPE = YES_ERROR;
				GCC_WARN_UNDECLARED_SELECTOR = YES;
				GCC_WARN_UNINITIALIZED_AUTOS = YES_AGGRESSIVE;
				GCC_WARN_UNUSED_FUNCTION = YES;
				GCC_WARN_UNUSED_VARIABLE = YES;
				IPHONEOS_DEPLOYMENT_TARGET = 8.3;
				MTL_ENABLE_DEBUG_INFO = NO;
				SDKROOT = iphoneos;
				VALIDATE_PRODUCT = YES;
			};
			name = Release;
		};
		B658DC571B3412920017994E /* Debug */ = {
			isa = XCBuildConfiguration;
			buildSettings = {
				ASSETCATALOG_COMPILER_APPICON_NAME = AppIcon;
				INFOPLIST_FILE = 1/Info.plist;
				LD_RUNPATH_SEARCH_PATHS = "$(inherited) @executable_path/Frameworks";
				PRODUCT_NAME = "$(TARGET_NAME)";
			};
			name = Debug;
		};
		B658DC581B3412920017994E /* Release */ = {
			isa = XCBuildConfiguration;
			buildSettings = {
				ASSETCATALOG_COMPILER_APPICON_NAME = AppIcon;
				INFOPLIST_FILE = 1/Info.plist;
				LD_RUNPATH_SEARCH_PATHS = "$(inherited) @executable_path/Frameworks";
				PRODUCT_NAME = "$(TARGET_NAME)";
			};
			name = Release;
		};
		B658DC5A1B3412920017994E /* Debug */ = {
			isa = XCBuildConfiguration;
			buildSettings = {
				BUNDLE_LOADER = "$(TEST_HOST)";
				FRAMEWORK_SEARCH_PATHS = (
					"$(SDKROOT)/Developer/Library/Frameworks",
					"$(inherited)",
				);
				GCC_PREPROCESSOR_DEFINITIONS = (
					"DEBUG=1",
					"$(inherited)",
				);
				INFOPLIST_FILE = 1Tests/Info.plist;
				LD_RUNPATH_SEARCH_PATHS = "$(inherited) @executable_path/Frameworks @loader_path/Frameworks";
				PRODUCT_NAME = "$(TARGET_NAME)";
				TEST_HOST = "$(BUILT_PRODUCTS_DIR)/1.app/1";
			};
			name = Debug;
		};
		B658DC5B1B3412920017994E /* Release */ = {
			isa = XCBuildConfiguration;
			buildSettings = {
				BUNDLE_LOADER = "$(TEST_HOST)";
				FRAMEWORK_SEARCH_PATHS = (
					"$(SDKROOT)/Developer/Library/Frameworks",
					"$(inherited)",
				);
				INFOPLIST_FILE = 1Tests/Info.plist;
				LD_RUNPATH_SEARCH_PATHS = "$(inherited) @executable_path/Frameworks @loader_path/Frameworks";
				PRODUCT_NAME = "$(TARGET_NAME)";
				TEST_HOST = "$(BUILT_PRODUCTS_DIR)/1.app/1";
			};
			name = Release;
		};
/* End XCBuildConfiguration section */

/* Begin XCConfigurationList section */
		B658DC2E1B3412910017994E /* Build configuration list for PBXProject "1" */ = {
			isa = XCConfigurationList;
			buildConfigurations = (
				B658DC541B3412920017994E /* Debug */,
				B658DC551B3412920017994E /* Release */,
			);
			defaultConfigurationIsVisible = 0;
			defaultConfigurationName = Release;
		};
		B658DC561B3412920017994E /* Build configuration list for PBXNativeTarget "1" */ = {
			isa = XCConfigurationList;
			buildConfigurations = (
				B658DC571B3412920017994E /* Debug */,
				B658DC581B3412920017994E /* Release */,
			);
			defaultConfigurationIsVisible = 0;
		};
		B658DC591B3412920017994E /* Build configuration list for PBXNativeTarget "1Tests" */ = {
			isa = XCConfigurationList;
			buildConfigurations = (
				B658DC5A1B3412920017994E /* Debug */,
				B658DC5B1B3412920017994E /* Release */,
			);
			defaultConfigurationIsVisible = 0;
		};
/* End XCConfigurationList section */
	};
	rootObject = B658DC2B1B3412910017994E /* Project object */;
}
